
Microsoft Visual Studio Solution File, Format Version 12.00
# Visual Studio Version 17
VisualStudioVersion = 17.14.36915.13 d17.14
MinimumVisualStudioVersion = 10.0.40219.1
Project("{FAE04EC0-301F-11D3-BF4B-00C04F79EFBC}") = "TDDCommunication-Sprint", "TDDCommunication-Sprint\TDDCommunication-Sprint.csproj", "{A1B80E8D-9492-4983-8AEC-320A42E42E9A}"
EndProject
Global
	GlobalSection(SolutionConfigurationPlatforms) = preSolution
		Debug|Any CPU = Debug|Any CPU
		Release|Any CPU = Release|Any CPU
	EndGlobalSection
	GlobalSection(ProjectConfigurationPlatforms) = postSolution
		{A1B80E8D-9492-4983-8AEC-320A42E42E9A}.Debug|Any CPU.ActiveCfg = Debug|Any CPU
		{A1B80E8D-9492-4983-8AEC-320A42E42E9A}.Debug|Any CPU.Build.0 = Debug|Any CPU
		{A1B80E8D-9492-4983-8AEC-320A42E42E9A}.Release|Any CPU.ActiveCfg = Release|Any CPU
		{A1B80E8D-9492-4983-8AEC-320A42E42E9A}.Release|Any CPU.Build.0 = Release|Any CPU
	EndGlobalSection
	GlobalSection(SolutionProperties) = preSolution
		HideSolutionNode = FALSE
	EndGlobalSection
	GlobalSection(ExtensibilityGlobals) = postSolution
		SolutionGuid = {F14C271B-FB69-42A7-B892-16B95DFEBB77}
	EndGlobalSection
EndGlobal
